
Microsoft Visual Studio Solution File, Format Version 12.00
# Visual Studio Version 17
VisualStudioVersion = 17.14.36511.14 d17.14
MinimumVisualStudioVersion = 10.0.40219.1
Project("{FAE04EC0-301F-11D3-BF4B-00C04F79EFBC}") = "Juego", "Juego.csproj", "{DDED6502-D76F-4295-BFE4-D3B0B455AB63}"
EndProject
Global
	GlobalSection(SolutionConfigurationPlatforms) = preSolution
		Debug|Any CPU = Debug|Any CPU
		Release|Any CPU = Release|Any CPU
	EndGlobalSection
	GlobalSection(ProjectConfigurationPlatforms) = postSolution
		{DDED6502-D76F-4295-BFE4-D3B0B455AB63}.Debug|Any CPU.ActiveCfg = Debug|Any CPU
		{DDED6502-D76F-4295-BFE4-D3B0B455AB63}.Debug|Any CPU.Build.0 = Debug|Any CPU
		{DDED6502-D76F-4295-BFE4-D3B0B455AB63}.Release|Any CPU.ActiveCfg = Release|Any CPU
		{DDED6502-D76F-4295-BFE4-D3B0B455AB63}.Release|Any CPU.Build.0 = Release|Any CPU
	EndGlobalSection
	GlobalSection(SolutionProperties) = preSolution
		HideSolutionNode = FALSE
	EndGlobalSection
	GlobalSection(ExtensibilityGlobals) = postSolution
		SolutionGuid = {D1B5C97B-E40E-4500-919A-6BB25D951BBE}
	EndGlobalSection
EndGlobal
